
Microsoft Visual Studio Solution File, Format Version 12.00
# Visual Studio Version 17
VisualStudioVersion = 17.0.32112.339
MinimumVisualStudioVersion = 10.0.40219.1
Project("{9A19103F-16F7-4668-BE54-9A1E7A4F7556}") = "MdIcons.Blazor", "MdIcons.Blazor\MdIcons.Blazor.csproj", "{9A7F4B3F-CE98-431E-8E10-0F43ACB916D3}"
EndProject
Project("{9A19103F-16F7-4668-BE54-9A1E7A4F7556}") = "MdiIcons.Blazor.Sample", "MdiIcons.Blazor.Sample\MdiIcons.Blazor.Sample.csproj", "{96A4A6DA-8242-4952-8C5A-A03B3763111B}"
EndProject
Global
	GlobalSection(SolutionConfigurationPlatforms) = preSolution
		Debug|Any CPU = Debug|Any CPU
		Release|Any CPU = Release|Any CPU
	EndGlobalSection
	GlobalSection(ProjectConfigurationPlatforms) = postSolution
		{9A7F4B3F-CE98-431E-8E10-0F43ACB916D3}.Debug|Any CPU.ActiveCfg = Debug|Any CPU
		{9A7F4B3F-CE98-431E-8E10-0F43ACB916D3}.Debug|Any CPU.Build.0 = Debug|Any CPU
		{9A7F4B3F-CE98-431E-8E10-0F43ACB916D3}.Release|Any CPU.ActiveCfg = Release|Any CPU
		{9A7F4B3F-CE98-431E-8E10-0F43ACB916D3}.Release|Any CPU.Build.0 = Release|Any CPU
		{96A4A6DA-8242-4952-8C5A-A03B3763111B}.Debug|Any CPU.ActiveCfg = Debug|Any CPU
		{96A4A6DA-8242-4952-8C5A-A03B3763111B}.Debug|Any CPU.Build.0 = Debug|Any CPU
		{96A4A6DA-8242-4952-8C5A-A03B3763111B}.Release|Any CPU.ActiveCfg = Release|Any CPU
		{96A4A6DA-8242-4952-8C5A-A03B3763111B}.Release|Any CPU.Build.0 = Release|Any CPU
	EndGlobalSection
	GlobalSection(SolutionProperties) = preSolution
		HideSolutionNode = FALSE
	EndGlobalSection
	GlobalSection(ExtensibilityGlobals) = postSolution
		SolutionGuid = {11834944-B0CE-4BE6-BDC7-402F58A42659}
	EndGlobalSection
EndGlobal
