# THIS IS AN AUTOGENERATED FILE. DO NOT EDIT THIS FILE DIRECTLY.
# yarn lockfile v1


"@mdi/font@^7.0.96":
  version "7.0.96"
  resolved "https://registry.yarnpkg.com/@mdi/font/-/font-7.0.96.tgz#9853c222623072f5575b4039c8c195ea929b61fc"
  integrity sha512-rzlxTfR64hqY8yiBzDjmANfcd8rv+T5C0Yedv/TWk2QyAQYdc66e0kaN1ipmnYU3RukHRTRcBARHzzm+tIhL7w==
