# THIS IS AN AUTOGENERATED FILE. DO NOT EDIT THIS FILE DIRECTLY.
# yarn lockfile v1


"@mdi/font@^7.1.96":
  version "7.1.96"
  resolved "https://registry.yarnpkg.com/@mdi/font/-/font-7.1.96.tgz#211ca4acfa31964278e5085de595e8c73967d400"
  integrity sha512-Imag6npmfkBDi2Ze2jiZVAPTDIKLxhz2Sx82xJ2zctyAU5LYJejLI5ChnDwiD9bMkQfVuzEsI98Q8toHyC+HCg==
