# THIS IS AN AUTOGENERATED FILE. DO NOT EDIT THIS FILE DIRECTLY.
# yarn lockfile v1


"@mdi/font@^6.5.95":
  version "6.5.95"
  resolved "https://registry.yarnpkg.com/@mdi/font/-/font-6.5.95.tgz#203922f6dd46397de9eb1f5956b85339adb6344d"
  integrity sha512-ES5rj6J39FUkHe/b3C9SJs8bqIungYhuU7rBINTBaHOv/Ce4RCb3Gw08CZVl32W33UEkgRkzyWaIedV4at+QHg==
